
Microsoft Visual Studio Solution File, Format Version 12.00
# Visual Studio 15
VisualStudioVersion = 15.0.26124.0
MinimumVisualStudioVersion = 15.0.26124.0
Project("{2150E333-8FDC-42A3-9474-1A3956D46DE8}") = "src", "src", "{7257507B-5802-4023-94CC-7519DCCD07D7}"
EndProject
Project("{FAE04EC0-301F-11D3-BF4B-00C04F79EFBC}") = "Web", "src\Web\Web.csproj", "{35EB85F1-DDE2-46F9-B96E-F9FAAC4578DA}"
EndProject
Project("{2150E333-8FDC-42A3-9474-1A3956D46DE8}") = "tests", "tests", "{C65BED4D-AC1A-4E12-9ABA-67B3BA84F8D4}"
EndProject
Project("{FAE04EC0-301F-11D3-BF4B-00C04F79EFBC}") = "FunctionalTests", "tests\FunctionalTests\FunctionalTests.csproj", "{A4CB4C53-2F29-4696-B44E-66B48F77E291}"
EndProject
Project("{FAE04EC0-301F-11D3-BF4B-00C04F79EFBC}") = "IntegrationTests", "tests\IntegrationTests\IntegrationTests.csproj", "{406256EA-479B-4AEE-AFA7-93B3C3883F53}"
EndProject
Project("{FAE04EC0-301F-11D3-BF4B-00C04F79EFBC}") = "UnitTests", "tests\UnitTests\UnitTests.csproj", "{EBC22C37-111E-4BEC-9C5B-0CC7B3E75B44}"
EndProject
Global
	GlobalSection(SolutionConfigurationPlatforms) = preSolution
		Debug|Any CPU = Debug|Any CPU
		Debug|x64 = Debug|x64
		Debug|x86 = Debug|x86
		Release|Any CPU = Release|Any CPU
		Release|x64 = Release|x64
		Release|x86 = Release|x86
	EndGlobalSection
	GlobalSection(SolutionProperties) = preSolution
		HideSolutionNode = FALSE
	EndGlobalSection
	GlobalSection(ProjectConfigurationPlatforms) = postSolution
		{35EB85F1-DDE2-46F9-B96E-F9FAAC4578DA}.Debug|Any CPU.ActiveCfg = Debug|Any CPU
		{35EB85F1-DDE2-46F9-B96E-F9FAAC4578DA}.Debug|Any CPU.Build.0 = Debug|Any CPU
		{35EB85F1-DDE2-46F9-B96E-F9FAAC4578DA}.Debug|x64.ActiveCfg = Debug|Any CPU
		{35EB85F1-DDE2-46F9-B96E-F9FAAC4578DA}.Debug|x64.Build.0 = Debug|Any CPU
		{35EB85F1-DDE2-46F9-B96E-F9FAAC4578DA}.Debug|x86.ActiveCfg = Debug|Any CPU
		{35EB85F1-DDE2-46F9-B96E-F9FAAC4578DA}.Debug|x86.Build.0 = Debug|Any CPU
		{35EB85F1-DDE2-46F9-B96E-F9FAAC4578DA}.Release|Any CPU.ActiveCfg = Release|Any CPU
		{35EB85F1-DDE2-46F9-B96E-F9FAAC4578DA}.Release|Any CPU.Build.0 = Release|Any CPU
		{35EB85F1-DDE2-46F9-B96E-F9FAAC4578DA}.Release|x64.ActiveCfg = Release|Any CPU
		{35EB85F1-DDE2-46F9-B96E-F9FAAC4578DA}.Release|x64.Build.0 = Release|Any CPU
		{35EB85F1-DDE2-46F9-B96E-F9FAAC4578DA}.Release|x86.ActiveCfg = Release|Any CPU
		{35EB85F1-DDE2-46F9-B96E-F9FAAC4578DA}.Release|x86.Build.0 = Release|Any CPU
		{A4CB4C53-2F29-4696-B44E-66B48F77E291}.Debug|Any CPU.ActiveCfg = Debug|Any CPU
		{A4CB4C53-2F29-4696-B44E-66B48F77E291}.Debug|Any CPU.Build.0 = Debug|Any CPU
		{A4CB4C53-2F29-4696-B44E-66B48F77E291}.Debug|x64.ActiveCfg = Debug|Any CPU
		{A4CB4C53-2F29-4696-B44E-66B48F77E291}.Debug|x64.Build.0 = Debug|Any CPU
		{A4CB4C53-2F29-4696-B44E-66B48F77E291}.Debug|x86.ActiveCfg = Debug|Any CPU
		{A4CB4C53-2F29-4696-B44E-66B48F77E291}.Debug|x86.Build.0 = Debug|Any CPU
		{A4CB4C53-2F29-4696-B44E-66B48F77E291}.Release|Any CPU.ActiveCfg = Release|Any CPU
		{A4CB4C53-2F29-4696-B44E-66B48F77E291}.Release|Any CPU.Build.0 = Release|Any CPU
		{A4CB4C53-2F29-4696-B44E-66B48F77E291}.Release|x64.ActiveCfg = Release|Any CPU
		{A4CB4C53-2F29-4696-B44E-66B48F77E291}.Release|x64.Build.0 = Release|Any CPU
		{A4CB4C53-2F29-4696-B44E-66B48F77E291}.Release|x86.ActiveCfg = Release|Any CPU
		{A4CB4C53-2F29-4696-B44E-66B48F77E291}.Release|x86.Build.0 = Release|Any CPU
		{406256EA-479B-4AEE-AFA7-93B3C3883F53}.Debug|Any CPU.ActiveCfg = Debug|Any CPU
		{406256EA-479B-4AEE-AFA7-93B3C3883F53}.Debug|Any CPU.Build.0 = Debug|Any CPU
		{406256EA-479B-4AEE-AFA7-93B3C3883F53}.Debug|x64.ActiveCfg = Debug|Any CPU
		{406256EA-479B-4AEE-AFA7-93B3C3883F53}.Debug|x64.Build.0 = Debug|Any CPU
		{406256EA-479B-4AEE-AFA7-93B3C3883F53}.Debug|x86.ActiveCfg = Debug|Any CPU
		{406256EA-479B-4AEE-AFA7-93B3C3883F53}.Debug|x86.Build.0 = Debug|Any CPU
		{406256EA-479B-4AEE-AFA7-93B3C3883F53}.Release|Any CPU.ActiveCfg = Release|Any CPU
		{406256EA-479B-4AEE-AFA7-93B3C3883F53}.Release|Any CPU.Build.0 = Release|Any CPU
		{406256EA-479B-4AEE-AFA7-93B3C3883F53}.Release|x64.ActiveCfg = Release|Any CPU
		{406256EA-479B-4AEE-AFA7-93B3C3883F53}.Release|x64.Build.0 = Release|Any CPU
		{406256EA-479B-4AEE-AFA7-93B3C3883F53}.Release|x86.ActiveCfg = Release|Any CPU
		{406256EA-479B-4AEE-AFA7-93B3C3883F53}.Release|x86.Build.0 = Release|Any CPU
		{EBC22C37-111E-4BEC-9C5B-0CC7B3E75B44}.Debug|Any CPU.ActiveCfg = Debug|Any CPU
		{EBC22C37-111E-4BEC-9C5B-0CC7B3E75B44}.Debug|Any CPU.Build.0 = Debug|Any CPU
		{EBC22C37-111E-4BEC-9C5B-0CC7B3E75B44}.Debug|x64.ActiveCfg = Debug|Any CPU
		{EBC22C37-111E-4BEC-9C5B-0CC7B3E75B44}.Debug|x64.Build.0 = Debug|Any CPU
		{EBC22C37-111E-4BEC-9C5B-0CC7B3E75B44}.Debug|x86.ActiveCfg = Debug|Any CPU
		{EBC22C37-111E-4BEC-9C5B-0CC7B3E75B44}.Debug|x86.Build.0 = Debug|Any CPU
		{EBC22C37-111E-4BEC-9C5B-0CC7B3E75B44}.Release|Any CPU.ActiveCfg = Release|Any CPU
		{EBC22C37-111E-4BEC-9C5B-0CC7B3E75B44}.Release|Any CPU.Build.0 = Release|Any CPU
		{EBC22C37-111E-4BEC-9C5B-0CC7B3E75B44}.Release|x64.ActiveCfg = Release|Any CPU
		{EBC22C37-111E-4BEC-9C5B-0CC7B3E75B44}.Release|x64.Build.0 = Release|Any CPU
		{EBC22C37-111E-4BEC-9C5B-0CC7B3E75B44}.Release|x86.ActiveCfg = Release|Any CPU
		{EBC22C37-111E-4BEC-9C5B-0CC7B3E75B44}.Release|x86.Build.0 = Release|Any CPU
	EndGlobalSection
	GlobalSection(NestedProjects) = preSolution
		{35EB85F1-DDE2-46F9-B96E-F9FAAC4578DA} = {7257507B-5802-4023-94CC-7519DCCD07D7}
		{A4CB4C53-2F29-4696-B44E-66B48F77E291} = {C65BED4D-AC1A-4E12-9ABA-67B3BA84F8D4}
		{406256EA-479B-4AEE-AFA7-93B3C3883F53} = {C65BED4D-AC1A-4E12-9ABA-67B3BA84F8D4}
		{EBC22C37-111E-4BEC-9C5B-0CC7B3E75B44} = {C65BED4D-AC1A-4E12-9ABA-67B3BA84F8D4}
	EndGlobalSection
EndGlobal
